// !$*UTF8*$!
{
	archiveVersion = 1;
	classes = {
	};
	objectVersion = 46;
	objects = {

/* Begin PBXBuildFile section */
		9387DC4A1C425D8A00702532 /* AppDelegate.swift in Sources */ = {isa = PBXBuildFile; fileRef = 9387DC491C425D8A00702532 /* AppDelegate.swift */; };
		9387DC4C1C425D8A00702532 /* ViewController.swift in Sources */ = {isa = PBXBuildFile; fileRef = 9387DC4B1C425D8A00702532 /* ViewController.swift */; };
		9387DC4F1C425D8A00702532 /* Main.storyboard in Resources */ = {isa = PBXBuildFile; fileRef = 9387DC4D1C425D8A00702532 /* Main.storyboard */; };
		9387DC511C425D8A00702532 /* Assets.xcassets in Resources */ = {isa = PBXBuildFile; fileRef = 9387DC501C425D8A00702532 /* Assets.xcassets */; };
		9387DC541C425D8A00702532 /* LaunchScreen.storyboard in Resources */ = {isa = PBXBuildFile; fileRef = 9387DC521C425D8A00702532 /* LaunchScreen.storyboard */; };
		9387DC5F1C425D8A00702532 /* UitestingSampleTests.swift in Sources */ = {isa = PBXBuildFile; fileRef = 9387DC5E1C425D8A00702532 /* UitestingSampleTests.swift */; };
		9387DC6A1C425D8B00702532 /* UitestingSampleUITests.swift in Sources */ = {isa = PBXBuildFile; fileRef = 9387DC691C425D8B00702532 /* UitestingSampleUITests.swift */; };
/* End PBXBuildFile section */

/* Begin PBXContainerItemProxy section */
		9387DC5B1C425D8A00702532 /* PBXContainerItemProxy */ = {
			isa = PBXContainerItemProxy;
			containerPortal = 9387DC3E1C425D8A00702532 /* Project object */;
			proxyType = 1;
			remoteGlobalIDString = 9387DC451C425D8A00702532;
			remoteInfo = UitestingSample;
		};
		9387DC661C425D8B00702532 /* PBXContainerItemProxy */ = {
			isa = PBXContainerItemProxy;
			containerPortal = 9387DC3E1C425D8A00702532 /* Project object */;
			proxyType = 1;
			remoteGlobalIDString = 9387DC451C425D8A00702532;
			remoteInfo = UitestingSample;
		};
/* End PBXContainerItemProxy section */

/* Begin PBXFileReference section */
		9387DC461C425D8A00702532 /* UitestingSample.app */ = {isa = PBXFileReference; explicitFileType = wrapper.application; includeInIndex = 0; path = UitestingSample.app; sourceTree = BUILT_PRODUCTS_DIR; };
		9387DC491C425D8A00702532 /* AppDelegate.swift */ = {isa = PBXFileReference; lastKnownFileType = sourcecode.swift; path = AppDelegate.swift; sourceTree = "<group>"; };
		9387DC4B1C425D8A00702532 /* ViewController.swift */ = {isa = PBXFileReference; lastKnownFileType = sourcecode.swift; path = ViewController.swift; sourceTree = "<group>"; };
		9387DC4E1C425D8A00702532 /* Base */ = {isa = PBXFileReference; lastKnownFileType = file.storyboard; name = Base; path = Base.lproj/Main.storyboard; sourceTree = "<group>"; };
		9387DC501C425D8A00702532 /* Assets.xcassets */ = {isa = PBXFileReference; lastKnownFileType = folder.assetcatalog; path = Assets.xcassets; sourceTree = "<group>"; };
		9387DC531C425D8A00702532 /* Base */ = {isa = PBXFileReference; lastKnownFileType = file.storyboard; name = Base; path = Base.lproj/LaunchScreen.storyboard; sourceTree = "<group>"; };
		9387DC551C425D8A00702532 /* Info.plist */ = {isa = PBXFileReference; lastKnownFileType = text.plist.xml; path = Info.plist; sourceTree = "<group>"; };
		9387DC5A1C425D8A00702532 /* UitestingSampleTests.xctest */ = {isa = PBXFileReference; explicitFileType = wrapper.cfbundle; includeInIndex = 0; path = UitestingSampleTests.xctest; sourceTree = BUILT_PRODUCTS_DIR; };
		9387DC5E1C425D8A00702532 /* UitestingSampleTests.swift */ = {isa = PBXFileReference; lastKnownFileType = sourcecode.swift; path = UitestingSampleTests.swift; sourceTree = "<group>"; };
		9387DC601C425D8A00702532 /* Info.plist */ = {isa = PBXFileReference; lastKnownFileType = text.plist.xml; path = Info.plist; sourceTree = "<group>"; };
		9387DC651C425D8B00702532 /* UitestingSampleUITests.xctest */ = {isa = PBXFileReference; explicitFileType = wrapper.cfbundle; includeInIndex = 0; path = UitestingSampleUITests.xctest; sourceTree = BUILT_PRODUCTS_DIR; };
		9387DC691C425D8B00702532 /* UitestingSampleUITests.swift */ = {isa = PBXFileReference; lastKnownFileType = sourcecode.swift; path = UitestingSampleUITests.swift; sourceTree = "<group>"; };
		9387DC6B1C425D8B00702532 /* Info.plist */ = {isa = PBXFileReference; lastKnownFileType = text.plist.xml; path = Info.plist; sourceTree = "<group>"; };
/* End PBXFileReference section */

/* Begin PBXFrameworksBuildPhase section */
		9387DC431C425D8A00702532 /* Frameworks */ = {
			isa = PBXFrameworksBuildPhase;
			buildActionMask = 2147483647;
			files = (
			);
			runOnlyForDeploymentPostprocessing = 0;
		};
		9387DC571C425D8A00702532 /* Frameworks */ = {
			isa = PBXFrameworksBuildPhase;
			buildActionMask = 2147483647;
			files = (
			);
			runOnlyForDeploymentPostprocessing = 0;
		};
		9387DC621C425D8A00702532 /* Frameworks */ = {
			isa = PBXFrameworksBuildPhase;
			buildActionMask = 2147483647;
			files = (
			);
			runOnlyForDeploymentPostprocessing = 0;
		};
/* End PBXFrameworksBuildPhase section */

/* Begin PBXGroup section */
		9387DC3D1C425D8A00702532 = {
			isa = PBXGroup;
			children = (
				9387DC481C425D8A00702532 /* UitestingSample */,
				9387DC5D1C425D8A00702532 /* UitestingSampleTests */,
				9387DC681C425D8B00702532 /* UitestingSampleUITests */,
				9387DC471C425D8A00702532 /* Products */,
			);
			sourceTree = "<group>";
		};
		9387DC471C425D8A00702532 /* Products */ = {
			isa = PBXGroup;
			children = (
				9387DC461C425D8A00702532 /* UitestingSample.app */,
				9387DC5A1C425D8A00702532 /* UitestingSampleTests.xctest */,
				9387DC651C425D8B00702532 /* UitestingSampleUITests.xctest */,
			);
			name = Products;
			sourceTree = "<group>";
		};
		9387DC481C425D8A00702532 /* UitestingSample */ = {
			isa = PBXGroup;
			children = (
				9387DC491C425D8A00702532 /* AppDelegate.swift */,
				9387DC4B1C425D8A00702532 /* ViewController.swift */,
				9387DC4D1C425D8A00702532 /* Main.storyboard */,
				9387DC501C425D8A00702532 /* Assets.xcassets */,
				9387DC521C425D8A00702532 /* LaunchScreen.storyboard */,
				9387DC551C425D8A00702532 /* Info.plist */,
			);
			path = UitestingSample;
			sourceTree = "<group>";
		};
		9387DC5D1C425D8A00702532 /* UitestingSampleTests */ = {
			isa = PBXGroup;
			children = (
				9387DC5E1C425D8A00702532 /* UitestingSampleTests.swift */,
				9387DC601C425D8A00702532 /* Info.plist */,
			);
			path = UitestingSampleTests;
			sourceTree = "<group>";
		};
		9387DC681C425D8B00702532 /* UitestingSampleUITests */ = {
			isa = PBXGroup;
			children = (
				9387DC691C425D8B00702532 /* UitestingSampleUITests.swift */,
				9387DC6B1C425D8B00702532 /* Info.plist */,
			);
			path = UitestingSampleUITests;
			sourceTree = "<group>";
		};
/* End PBXGroup section */

/* Begin PBXNativeTarget section */
		9387DC451C425D8A00702532 /* UitestingSample */ = {
			isa = PBXNativeTarget;
			buildConfigurationList = 9387DC6E1C425D8B00702532 /* Build configuration list for PBXNativeTarget "UitestingSample" */;
			buildPhases = (
				9387DC421C425D8A00702532 /* Sources */,
				9387DC431C425D8A00702532 /* Frameworks */,
				9387DC441C425D8A00702532 /* Resources */,
			);
			buildRules = (
			);
			dependencies = (
			);
			name = UitestingSample;
			productName = UitestingSample;
			productReference = 9387DC461C425D8A00702532 /* UitestingSample.app */;
			productType = "com.apple.product-type.application";
		};
		9387DC591C425D8A00702532 /* UitestingSampleTests */ = {
			isa = PBXNativeTarget;
			buildConfigurationList = 9387DC711C425D8B00702532 /* Build configuration list for PBXNativeTarget "UitestingSampleTests" */;
			buildPhases = (
				9387DC561C425D8A00702532 /* Sources */,
				9387DC571C425D8A00702532 /* Frameworks */,
				9387DC581C425D8A00702532 /* Resources */,
			);
			buildRules = (
			);
			dependencies = (
				9387DC5C1C425D8A00702532 /* PBXTargetDependency */,
			);
			name = UitestingSampleTests;
			productName = UitestingSampleTests;
			productReference = 9387DC5A1C425D8A00702532 /* UitestingSampleTests.xctest */;
			productType = "com.apple.product-type.bundle.unit-test";
		};
		9387DC641C425D8A00702532 /* UitestingSampleUITests */ = {
			isa = PBXNativeTarget;
			buildConfigurationList = 9387DC741C425D8B00702532 /* Build configuration list for PBXNativeTarget "UitestingSampleUITests" */;
			buildPhases = (
				9387DC611C425D8A00702532 /* Sources */,
				9387DC621C425D8A00702532 /* Frameworks */,
				9387DC631C425D8A00702532 /* Resources */,
			);
			buildRules = (
			);
			dependencies = (
				9387DC671C425D8B00702532 /* PBXTargetDependency */,
			);
			name = UitestingSampleUITests;
			productName = UitestingSampleUITests;
			productReference = 9387DC651C425D8B00702532 /* UitestingSampleUITests.xctest */;
			productType = "com.apple.product-type.bundle.ui-testing";
		};
/* End PBXNativeTarget section */

/* Begin PBXProject section */
		9387DC3E1C425D8A00702532 /* Project object */ = {
			isa = PBXProject;
			attributes = {
				LastSwiftUpdateCheck = 0720;
				LastUpgradeCheck = 0720;
				ORGANIZATIONNAME = Tajika;
				TargetAttributes = {
					9387DC451C425D8A00702532 = {
						CreatedOnToolsVersion = 7.2;
					};
					9387DC591C425D8A00702532 = {
						CreatedOnToolsVersion = 7.2;
						TestTargetID = 9387DC451C425D8A00702532;
					};
					9387DC641C425D8A00702532 = {
						CreatedOnToolsVersion = 7.2;
						TestTargetID = 9387DC451C425D8A00702532;
					};
				};
			};
			buildConfigurationList = 9387DC411C425D8A00702532 /* Build configuration list for PBXProject "UitestingSample" */;
			compatibilityVersion = "Xcode 3.2";
			developmentRegion = English;
			hasScannedForEncodings = 0;
			knownRegions = (
				en,
				Base,
			);
			mainGroup = 9387DC3D1C425D8A00702532;
			productRefGroup = 9387DC471C425D8A00702532 /* Products */;
			projectDirPath = "";
			projectRoot = "";
			targets = (
				9387DC451C425D8A00702532 /* UitestingSample */,
				9387DC591C425D8A00702532 /* UitestingSampleTests */,
				9387DC641C425D8A00702532 /* UitestingSampleUITests */,
			);
		};
/* End PBXProject section */

/* Begin PBXResourcesBuildPhase section */
		9387DC441C425D8A00702532 /* Resources */ = {
			isa = PBXResourcesBuildPhase;
			buildActionMask = 2147483647;
			files = (
				9387DC541C425D8A00702532 /* LaunchScreen.storyboard in Resources */,
				9387DC511C425D8A00702532 /* Assets.xcassets in Resources */,
				9387DC4F1C425D8A00702532 /* Main.storyboard in Resources */,
			);
			runOnlyForDeploymentPostprocessing = 0;
		};
		9387DC581C425D8A00702532 /* Resources */ = {
			isa = PBXResourcesBuildPhase;
			buildActionMask = 2147483647;
			files = (
			);
			runOnlyForDeploymentPostprocessing = 0;
		};
		9387DC631C425D8A00702532 /* Resources */ = {
			isa = PBXResourcesBuildPhase;
			buildActionMask = 2147483647;
			files = (
			);
			runOnlyForDeploymentPostprocessing = 0;
		};
/* End PBXResourcesBuildPhase section */

/* Begin PBXSourcesBuildPhase section */
		9387DC421C425D8A00702532 /* Sources */ = {
			isa = PBXSourcesBuildPhase;
			buildActionMask = 2147483647;
			files = (
				9387DC4C1C425D8A00702532 /* ViewController.swift in Sources */,
				9387DC4A1C425D8A00702532 /* AppDelegate.swift in Sources */,
			);
			runOnlyForDeploymentPostprocessing = 0;
		};
		9387DC561C425D8A00702532 /* Sources */ = {
			isa = PBXSourcesBuildPhase;
			buildActionMask = 2147483647;
			files = (
				9387DC5F1C425D8A00702532 /* UitestingSampleTests.swift in Sources */,
			);
			runOnlyForDeploymentPostprocessing = 0;
		};
		9387DC611C425D8A00702532 /* Sources */ = {
			isa = PBXSourcesBuildPhase;
			buildActionMask = 2147483647;
			files = (
				9387DC6A1C425D8B00702532 /* UitestingSampleUITests.swift in Sources */,
			);
			runOnlyForDeploymentPostprocessing = 0;
		};
/* End PBXSourcesBuildPhase section */

/* Begin PBXTargetDependency section */
		9387DC5C1C425D8A00702532 /* PBXTargetDependency */ = {
			isa = PBXTargetDependency;
			target = 9387DC451C425D8A00702532 /* UitestingSample */;
			targetProxy = 9387DC5B1C425D8A00702532 /* PBXContainerItemProxy */;
		};
		9387DC671C425D8B00702532 /* PBXTargetDependency */ = {
			isa = PBXTargetDependency;
			target = 9387DC451C425D8A00702532 /* UitestingSample */;
			targetProxy = 9387DC661C425D8B00702532 /* PBXContainerItemProxy */;
		};
/* End PBXTargetDependency section */

/* Begin PBXVariantGroup section */
		9387DC4D1C425D8A00702532 /* Main.storyboard */ = {
			isa = PBXVariantGroup;
			children = (
				9387DC4E1C425D8A00702532 /* Base */,
			);
			name = Main.storyboard;
			sourceTree = "<group>";
		};
		9387DC521C425D8A00702532 /* LaunchScreen.storyboard */ = {
			isa = PBXVariantGroup;
			children = (
				9387DC531C425D8A00702532 /* Base */,
			);
			name = LaunchScreen.storyboard;
			sourceTree = "<group>";
		};
/* End PBXVariantGroup section */

/* Begin XCBuildConfiguration section */
		9387DC6C1C425D8B00702532 /* Debug */ = {
			isa = XCBuildConfiguration;
			buildSettings = {
				ALWAYS_SEARCH_USER_PATHS = NO;
				CLANG_CXX_LANGUAGE_STANDARD = "gnu++0x";
				CLANG_CXX_LIBRARY = "libc++";
				CLANG_ENABLE_MODULES = YES;
				CLANG_ENABLE_OBJC_ARC = YES;
				CLANG_WARN_BOOL_CONVERSION = YES;
				CLANG_WARN_CONSTANT_CONVERSION = YES;
				CLANG_WARN_DIRECT_OBJC_ISA_USAGE = YES_ERROR;
				CLANG_WARN_EMPTY_BODY = YES;
				CLANG_WARN_ENUM_CONVERSION = YES;
				CLANG_WARN_INT_CONVERSION = YES;
				CLANG_WARN_OBJC_ROOT_CLASS = YES_ERROR;
				CLANG_WARN_UNREACHABLE_CODE = YES;
				CLANG_WARN__DUPLICATE_METHOD_MATCH = YES;
				"CODE_SIGN_IDENTITY[sdk=iphoneos*]" = "iPhone Developer";
				COPY_PHASE_STRIP = NO;
				DEBUG_INFORMATION_FORMAT = dwarf;
				ENABLE_STRICT_OBJC_MSGSEND = YES;
				ENABLE_TESTABILITY = YES;
				GCC_C_LANGUAGE_STANDARD = gnu99;
				GCC_DYNAMIC_NO_PIC = NO;
				GCC_NO_COMMON_BLOCKS = YES;
				GCC_OPTIMIZATION_LEVEL = 0;
				GCC_PREPROCESSOR_DEFINITIONS = (
					"DEBUG=1",
					"$(inherited)",
				);
				GCC_WARN_64_TO_32_BIT_CONVERSION = YES;
				GCC_WARN_ABOUT_RETURN_TYPE = YES_ERROR;
				GCC_WARN_UNDECLARED_SELECTOR = YES;
				GCC_WARN_UNINITIALIZED_AUTOS = YES_AGGRESSIVE;
				GCC_WARN_UNUSED_FUNCTION = YES;
				GCC_WARN_UNUSED_VARIABLE = YES;
				IPHONEOS_DEPLOYMENT_TARGET = 9.2;
				MTL_ENABLE_DEBUG_INFO = YES;
				ONLY_ACTIVE_ARCH = YES;
				SDKROOT = iphoneos;
				SWIFT_OPTIMIZATION_LEVEL = "-Onone";
			};
			name = Debug;
		};
		9387DC6D1C425D8B00702532 /* Release */ = {
			isa = XCBuildConfiguration;
			buildSettings = {
				ALWAYS_SEARCH_USER_PATHS = NO;
				CLANG_CXX_LANGUAGE_STANDARD = "gnu++0x";
				CLANG_CXX_LIBRARY = "libc++";
				CLANG_ENABLE_MODULES = YES;
				CLANG_ENABLE_OBJC_ARC = YES;
				CLANG_WARN_BOOL_CONVERSION = YES;
				CLANG_WARN_CONSTANT_CONVERSION = YES;
				CLANG_WARN_DIRECT_OBJC_ISA_USAGE = YES_ERROR;
				CLANG_WARN_EMPTY_BODY = YES;
				CLANG_WARN_ENUM_CONVERSION = YES;
				CLANG_WARN_INT_CONVERSION = YES;
				CLANG_WARN_OBJC_ROOT_CLASS = YES_ERROR;
				CLANG_WARN_UNREACHABLE_CODE = YES;
				CLANG_WARN__DUPLICATE_METHOD_MATCH = YES;
				"CODE_SIGN_IDENTITY[sdk=iphoneos*]" = "iPhone Developer";
				COPY_PHASE_STRIP = NO;
				DEBUG_INFORMATION_FORMAT = "dwarf-with-dsym";
				ENABLE_NS_ASSERTIONS = NO;
				ENABLE_STRICT_OBJC_MSGSEND = YES;
				GCC_C_LANGUAGE_STANDARD = gnu99;
				GCC_NO_COMMON_BLOCKS = YES;
				GCC_WARN_64_TO_32_BIT_CONVERSION = YES;
				GCC_WARN_ABOUT_RETURN_TYPE = YES_ERROR;
				GCC_WARN_UNDECLARED_SELECTOR = YES;
				GCC_WARN_UNINITIALIZED_AUTOS = YES_AGGRESSIVE;
				GCC_WARN_UNUSED_FUNCTION = YES;
				GCC_WARN_UNUSED_VARIABLE = YES;
				IPHONEOS_DEPLOYMENT_TARGET = 9.2;
				MTL_ENABLE_DEBUG_INFO = NO;
				SDKROOT = iphoneos;
				VALIDATE_PRODUCT = YES;
			};
			name = Release;
		};
		9387DC6F1C425D8B00702532 /* Debug */ = {
			isa = XCBuildConfiguration;
			buildSettings = {
				ASSETCATALOG_COMPILER_APPICON_NAME = AppIcon;
				INFOPLIST_FILE = UitestingSample/Info.plist;
				LD_RUNPATH_SEARCH_PATHS = "$(inherited) @executable_path/Frameworks";
				PRODUCT_BUNDLE_IDENTIFIER = com.engideer.UitestingSample;
				PRODUCT_NAME = "$(TARGET_NAME)";
			};
			name = Debug;
		};
		9387DC701C425D8B00702532 /* Release */ = {
			isa = XCBuildConfiguration;
			buildSettings = {
				ASSETCATALOG_COMPILER_APPICON_NAME = AppIcon;
				INFOPLIST_FILE = UitestingSample/Info.plist;
				LD_RUNPATH_SEARCH_PATHS = "$(inherited) @executable_path/Frameworks";
				PRODUCT_BUNDLE_IDENTIFIER = com.engideer.UitestingSample;
				PRODUCT_NAME = "$(TARGET_NAME)";
			};
			name = Release;
		};
		9387DC721C425D8B00702532 /* Debug */ = {
			isa = XCBuildConfiguration;
			buildSettings = {
				BUNDLE_LOADER = "$(TEST_HOST)";
				INFOPLIST_FILE = UitestingSampleTests/Info.plist;
				LD_RUNPATH_SEARCH_PATHS = "$(inherited) @executable_path/Frameworks @loader_path/Frameworks";
				PRODUCT_BUNDLE_IDENTIFIER = com.engideer.UitestingSampleTests;
				PRODUCT_NAME = "$(TARGET_NAME)";
				TEST_HOST = "$(BUILT_PRODUCTS_DIR)/UitestingSample.app/UitestingSample";
			};
			name = Debug;
		};
		9387DC731C425D8B00702532 /* Release */ = {
			isa = XCBuildConfiguration;
			buildSettings = {
				BUNDLE_LOADER = "$(TEST_HOST)";
				INFOPLIST_FILE = UitestingSampleTests/Info.plist;
				LD_RUNPATH_SEARCH_PATHS = "$(inherited) @executable_path/Frameworks @loader_path/Frameworks";
				PRODUCT_BUNDLE_IDENTIFIER = com.engideer.UitestingSampleTests;
				PRODUCT_NAME = "$(TARGET_NAME)";
				TEST_HOST = "$(BUILT_PRODUCTS_DIR)/UitestingSample.app/UitestingSample";
			};
			name = Release;
		};
		9387DC751C425D8B00702532 /* Debug */ = {
			isa = XCBuildConfiguration;
			buildSettings = {
				INFOPLIST_FILE = UitestingSampleUITests/Info.plist;
				LD_RUNPATH_SEARCH_PATHS = "$(inherited) @executable_path/Frameworks @loader_path/Frameworks";
				PRODUCT_BUNDLE_IDENTIFIER = com.engideer.UitestingSampleUITests;
				PRODUCT_NAME = "$(TARGET_NAME)";
				TEST_TARGET_NAME = UitestingSample;
				USES_XCTRUNNER = YES;
			};
			name = Debug;
		};
		9387DC761C425D8B00702532 /* Release */ = {
			isa = XCBuildConfiguration;
			buildSettings = {
				INFOPLIST_FILE = UitestingSampleUITests/Info.plist;
				LD_RUNPATH_SEARCH_PATHS = "$(inherited) @executable_path/Frameworks @loader_path/Frameworks";
				PRODUCT_BUNDLE_IDENTIFIER = com.engideer.UitestingSampleUITests;
				PRODUCT_NAME = "$(TARGET_NAME)";
				TEST_TARGET_NAME = UitestingSample;
				USES_XCTRUNNER = YES;
			};
			name = Release;
		};
/* End XCBuildConfiguration section */

/* Begin XCConfigurationList section */
		9387DC411C425D8A00702532 /* Build configuration list for PBXProject "UitestingSample" */ = {
			isa = XCConfigurationList;
			buildConfigurations = (
				9387DC6C1C425D8B00702532 /* Debug */,
				9387DC6D1C425D8B00702532 /* Release */,
			);
			defaultConfigurationIsVisible = 0;
			defaultConfigurationName = Release;
		};
		9387DC6E1C425D8B00702532 /* Build configuration list for PBXNativeTarget "UitestingSample" */ = {
			isa = XCConfigurationList;
			buildConfigurations = (
				9387DC6F1C425D8B00702532 /* Debug */,
				9387DC701C425D8B00702532 /* Release */,
			);
			defaultConfigurationIsVisible = 0;
		};
		9387DC711C425D8B00702532 /* Build configuration list for PBXNativeTarget "UitestingSampleTests" */ = {
			isa = XCConfigurationList;
			buildConfigurations = (
				9387DC721C425D8B00702532 /* Debug */,
				9387DC731C425D8B00702532 /* Release */,
			);
			defaultConfigurationIsVisible = 0;
		};
		9387DC741C425D8B00702532 /* Build configuration list for PBXNativeTarget "UitestingSampleUITests" */ = {
			isa = XCConfigurationList;
			buildConfigurations = (
				9387DC751C425D8B00702532 /* Debug */,
				9387DC761C425D8B00702532 /* Release */,
			);
			defaultConfigurationIsVisible = 0;
		};
/* End XCConfigurationList section */
	};
	rootObject = 9387DC3E1C425D8A00702532 /* Project object */;
}
